
Microsoft Visual Studio Solution File, Format Version 12.00
# Visual Studio Version 17
VisualStudioVersion = 17.2.32526.322
MinimumVisualStudioVersion = 10.0.40219.1
Project("{FAE04EC0-301F-11D3-BF4B-00C04F79EFBC}") = "E-BUSINESS", "E-BUSINESS\E-BUSINESS.csproj", "{05D56FA7-B1B5-4ACA-B4BB-F176D044C87E}"
EndProject
Global
	GlobalSection(SolutionConfigurationPlatforms) = preSolution
		Debug|Any CPU = Debug|Any CPU
		Release|Any CPU = Release|Any CPU
	EndGlobalSection
	GlobalSection(ProjectConfigurationPlatforms) = postSolution
		{05D56FA7-B1B5-4ACA-B4BB-F176D044C87E}.Debug|Any CPU.ActiveCfg = Debug|Any CPU
		{05D56FA7-B1B5-4ACA-B4BB-F176D044C87E}.Debug|Any CPU.Build.0 = Debug|Any CPU
		{05D56FA7-B1B5-4ACA-B4BB-F176D044C87E}.Release|Any CPU.ActiveCfg = Release|Any CPU
		{05D56FA7-B1B5-4ACA-B4BB-F176D044C87E}.Release|Any CPU.Build.0 = Release|Any CPU
	EndGlobalSection
	GlobalSection(SolutionProperties) = preSolution
		HideSolutionNode = FALSE
	EndGlobalSection
	GlobalSection(ExtensibilityGlobals) = postSolution
		SolutionGuid = {B80BC9B2-6898-4795-A4DD-39632DFFB291}
	EndGlobalSection
EndGlobal
